{
    "name": "workers",
    "lockfileVersion": 2,
    "requires": true,
    "packages": {
        "": {
            "name": "workers",
            "dependencies": {
                "nextpnr": "^0.4.13",
                "yosys": "^0.24.1"
            }
        },
        "node_modules/@types/emscripten": {
            "version": "1.39.6",
            "resolved": "https://registry.npmjs.org/@types/emscripten/-/emscripten-1.39.6.tgz",
            "integrity": "sha512-H90aoynNhhkQP6DRweEjJp5vfUVdIj7tdPLsu7pq89vODD/lcugKfZOsfgwpvM6XUewEp2N5dCg1Uf3Qe55Dcg=="
        },
        "node_modules/@types/node": {
            "version": "17.0.45",
            "resolved": "https://registry.npmjs.org/@types/node/-/node-17.0.45.tgz",
            "integrity": "sha512-w+tIMs3rq2afQdsPJlODhoUEKzFP1ayaoyl1CcnwtIlsVe7K7bA1NGm4s3PraqTLlXnbIN84zuBlxBWo1u9BLw=="
        },
        "node_modules/nextpnr": {
            "version": "0.4.13",
            "resolved": "https://registry.npmjs.org/nextpnr/-/nextpnr-0.4.13.tgz",
            "integrity": "sha512-Gfs6EePcvNLtva454mUf5tJY1snX+cNsv19zSV+kM1x62EbCB1fE+ob6Dpy18V3hPtxPzM7hpLGJiOJBgQ8hgg==",
            "dependencies": {
                "@types/emscripten": "^1.39.5",
                "@types/node": "^17.0.22"
            }
        },
        "node_modules/yosys": {
            "version": "0.24.1",
            "resolved": "https://registry.npmjs.org/yosys/-/yosys-0.24.1.tgz",
            "integrity": "sha512-iNchvemjtBrIeEYvJPq+/TLhXEInHOlzoo0I2UbxhNcfXcHDRbbRCJt3d7TuasV455MoC8EOqQh9tZHNcqhkjw==",
            "dependencies": {
                "@types/emscripten": "^1.39.6",
                "@types/node": "^17.0.22"
            }
        }
    },
    "dependencies": {
        "@types/emscripten": {
            "version": "1.39.6",
            "resolved": "https://registry.npmjs.org/@types/emscripten/-/emscripten-1.39.6.tgz",
            "integrity": "sha512-H90aoynNhhkQP6DRweEjJp5vfUVdIj7tdPLsu7pq89vODD/lcugKfZOsfgwpvM6XUewEp2N5dCg1Uf3Qe55Dcg=="
        },
        "@types/node": {
            "version": "17.0.45",
            "resolved": "https://registry.npmjs.org/@types/node/-/node-17.0.45.tgz",
            "integrity": "sha512-w+tIMs3rq2afQdsPJlODhoUEKzFP1ayaoyl1CcnwtIlsVe7K7bA1NGm4s3PraqTLlXnbIN84zuBlxBWo1u9BLw=="
        },
        "nextpnr": {
            "version": "0.4.13",
            "resolved": "https://registry.npmjs.org/nextpnr/-/nextpnr-0.4.13.tgz",
            "integrity": "sha512-Gfs6EePcvNLtva454mUf5tJY1snX+cNsv19zSV+kM1x62EbCB1fE+ob6Dpy18V3hPtxPzM7hpLGJiOJBgQ8hgg==",
            "requires": {
                "@types/emscripten": "^1.39.5",
                "@types/node": "^17.0.22"
            }
        },
        "yosys": {
            "version": "0.24.1",
            "resolved": "https://registry.npmjs.org/yosys/-/yosys-0.24.1.tgz",
            "integrity": "sha512-iNchvemjtBrIeEYvJPq+/TLhXEInHOlzoo0I2UbxhNcfXcHDRbbRCJt3d7TuasV455MoC8EOqQh9tZHNcqhkjw==",
            "requires": {
                "@types/emscripten": "^1.39.6",
                "@types/node": "^17.0.22"
            }
        }
    }
}
