{
    "name": "workers",
    "lockfileVersion": 2,
    "requires": true,
    "packages": {
        "": {
            "name": "workers",
            "dependencies": {
                "nextpnr": "^0.4.11",
                "yosys": "^0.23.3"
            }
        },
        "node_modules/@types/emscripten": {
            "version": "1.39.6",
            "resolved": "https://registry.npmjs.org/@types/emscripten/-/emscripten-1.39.6.tgz",
            "integrity": "sha512-H90aoynNhhkQP6DRweEjJp5vfUVdIj7tdPLsu7pq89vODD/lcugKfZOsfgwpvM6XUewEp2N5dCg1Uf3Qe55Dcg=="
        },
        "node_modules/@types/node": {
            "version": "17.0.45",
            "resolved": "https://registry.npmjs.org/@types/node/-/node-17.0.45.tgz",
            "integrity": "sha512-w+tIMs3rq2afQdsPJlODhoUEKzFP1ayaoyl1CcnwtIlsVe7K7bA1NGm4s3PraqTLlXnbIN84zuBlxBWo1u9BLw=="
        },
        "node_modules/nextpnr": {
            "version": "0.4.11",
            "resolved": "https://registry.npmjs.org/nextpnr/-/nextpnr-0.4.11.tgz",
            "integrity": "sha512-qve22gr29CQcUjZZRqTph8hmKKe9XyLgXDEb5RwIWoWG50atMa9OAfCZulApOQ9mqz5lnm6HuXqUcPqo53sygQ==",
            "dependencies": {
                "@types/emscripten": "^1.39.5",
                "@types/node": "^17.0.22"
            }
        },
        "node_modules/yosys": {
            "version": "0.23.3",
            "resolved": "https://registry.npmjs.org/yosys/-/yosys-0.23.3.tgz",
            "integrity": "sha512-izN7gElCJiajmutRhyqG7WYiEtJO2PMuLFLin+yBY9S6w3iF1JS4UmP0qJCcP0fIfnZYSpYWoHFsVhklrXeBtg==",
            "dependencies": {
                "@types/emscripten": "^1.39.6",
                "@types/node": "^17.0.22"
            }
        }
    },
    "dependencies": {
        "@types/emscripten": {
            "version": "1.39.6",
            "resolved": "https://registry.npmjs.org/@types/emscripten/-/emscripten-1.39.6.tgz",
            "integrity": "sha512-H90aoynNhhkQP6DRweEjJp5vfUVdIj7tdPLsu7pq89vODD/lcugKfZOsfgwpvM6XUewEp2N5dCg1Uf3Qe55Dcg=="
        },
        "@types/node": {
            "version": "17.0.45",
            "resolved": "https://registry.npmjs.org/@types/node/-/node-17.0.45.tgz",
            "integrity": "sha512-w+tIMs3rq2afQdsPJlODhoUEKzFP1ayaoyl1CcnwtIlsVe7K7bA1NGm4s3PraqTLlXnbIN84zuBlxBWo1u9BLw=="
        },
        "nextpnr": {
            "version": "0.4.11",
            "resolved": "https://registry.npmjs.org/nextpnr/-/nextpnr-0.4.11.tgz",
            "integrity": "sha512-qve22gr29CQcUjZZRqTph8hmKKe9XyLgXDEb5RwIWoWG50atMa9OAfCZulApOQ9mqz5lnm6HuXqUcPqo53sygQ==",
            "requires": {
                "@types/emscripten": "^1.39.5",
                "@types/node": "^17.0.22"
            }
        },
        "yosys": {
            "version": "0.23.3",
            "resolved": "https://registry.npmjs.org/yosys/-/yosys-0.23.3.tgz",
            "integrity": "sha512-izN7gElCJiajmutRhyqG7WYiEtJO2PMuLFLin+yBY9S6w3iF1JS4UmP0qJCcP0fIfnZYSpYWoHFsVhklrXeBtg==",
            "requires": {
                "@types/emscripten": "^1.39.6",
                "@types/node": "^17.0.22"
            }
        }
    }
}
